<?xml version="1.0" encoding="utf-8"?>
<Project ToolsVersion="4.0" xmlns="http://schemas.microsoft.com/developer/msbuild/2003">
  <ItemGroup>
    <Filter Include="Source Files">
      <UniqueIdentifier>{4FC737F1-C7A5-4376-A066-2A32D752A2FF}</UniqueIdentifier>
      <Extensions>cpp;c;cc;cxx;def;odl;idl;hpj;bat;asm;asmx</Extensions>
    </Filter>
    <Filter Include="Header Files">
      <UniqueIdentifier>{93995380-89BD-4b04-88EB-625FBE52EBFB}</UniqueIdentifier>
      <Extensions>h;hh;hpp;hxx;hm;inl;inc;ipp;xsd</Extensions>
    </Filter>
    <Filter Include="Resource Files">
      <UniqueIdentifier>{67DA6AB6-F800-4c08-8B7A-83BB121AAD01}</UniqueIdentifier>
      <Extensions>rc;ico;cur;bmp;dlg;rc2;rct;bin;rgs;gif;jpg;jpeg;jpe;resx;tiff;tif;png;wav;mfcribbon-ms</Extensions>
    </Filter>
    <Filter Include="Header Files\SingleResponsibility">
      <UniqueIdentifier>{c4e3d0f9-28f1-4ce3-80af-ece60153add0}</UniqueIdentifier>
    </Filter>
    <Filter Include="Header Files\Open-Closed">
      <UniqueIdentifier>{b3532c7f-24ce-4ad7-a8d7-48043f90d83b}</UniqueIdentifier>
    </Filter>
    <Filter Include="Header Files\Builder">
      <UniqueIdentifier>{1a90decc-6d57-472d-b81e-91cef7bdacea}</UniqueIdentifier>
    </Filter>
    <Filter Include="Source Files\Builder">
      <UniqueIdentifier>{a412dfbf-063e-4001-8a6d-362e2bcb83ed}</UniqueIdentifier>
    </Filter>
  </ItemGroup>
  <ItemGroup>
    <ClInclude Include="stdafx.h">
      <Filter>Header Files</Filter>
    </ClInclude>
    <ClInclude Include="targetver.h">
      <Filter>Header Files</Filter>
    </ClInclude>
    <ClInclude Include="Journal.h">
      <Filter>Header Files\SingleResponsibility</Filter>
    </ClInclude>
    <ClInclude Include="PersistenceManager.h">
      <Filter>Header Files\SingleResponsibility</Filter>
    </ClInclude>
    <ClInclude Include="Product.h">
      <Filter>Header Files\Open-Closed</Filter>
    </ClInclude>
    <ClInclude Include="Specification.h">
      <Filter>Header Files\Open-Closed</Filter>
    </ClInclude>
    <ClInclude Include="Filter.h">
      <Filter>Header Files\Open-Closed</Filter>
    </ClInclude>
    <ClInclude Include="HtmlElement.h">
      <Filter>Header Files\Builder</Filter>
    </ClInclude>
    <ClInclude Include="HtmlBuilder.h">
      <Filter>Header Files\Builder</Filter>
    </ClInclude>
  </ItemGroup>
  <ItemGroup>
    <ClCompile Include="stdafx.cpp">
      <Filter>Source Files</Filter>
    </ClCompile>
    <ClCompile Include="UdemyCourse.cpp">
      <Filter>Source Files</Filter>
    </ClCompile>
    <ClCompile Include="Examples.h">
      <Filter>Header Files</Filter>
    </ClCompile>
    <ClCompile Include="Configurations.cpp">
      <Filter>Source Files</Filter>
    </ClCompile>
    <ClCompile Include="Examples.cpp">
      <Filter>Source Files</Filter>
    </ClCompile>
    <ClCompile Include="HtmlElement.cpp">
      <Filter>Source Files\Builder</Filter>
    </ClCompile>
  </ItemGroup>
</Project>