<?xml version="1.0" encoding="utf-8"?>
<Project ToolsVersion="4.0" xmlns="http://schemas.microsoft.com/developer/msbuild/2003">
  <ItemGroup>
    <Filter Include="Source Files">
      <UniqueIdentifier>{4FC737F1-C7A5-4376-A066-2A32D752A2FF}</UniqueIdentifier>
      <Extensions>cpp;c;cc;cxx;def;odl;idl;hpj;bat;asm;asmx</Extensions>
    </Filter>
    <Filter Include="Header Files">
      <UniqueIdentifier>{93995380-89BD-4b04-88EB-625FBE52EBFB}</UniqueIdentifier>
      <Extensions>h;hh;hpp;hxx;hm;inl;inc;ipp;xsd</Extensions>
    </Filter>
    <Filter Include="Resource Files">
      <UniqueIdentifier>{67DA6AB6-F800-4c08-8B7A-83BB121AAD01}</UniqueIdentifier>
      <Extensions>rc;ico;cur;bmp;dlg;rc2;rct;bin;rgs;gif;jpg;jpeg;jpe;resx;tiff;tif;png;wav;mfcribbon-ms</Extensions>
    </Filter>
    <Filter Include="Header Files\SingleResponsibility">
      <UniqueIdentifier>{c4e3d0f9-28f1-4ce3-80af-ece60153add0}</UniqueIdentifier>
    </Filter>
    <Filter Include="Header Files\Open-Closed">
      <UniqueIdentifier>{b3532c7f-24ce-4ad7-a8d7-48043f90d83b}</UniqueIdentifier>
    </Filter>
    <Filter Include="Header Files\Builder">
      <UniqueIdentifier>{1a90decc-6d57-472d-b81e-91cef7bdacea}</UniqueIdentifier>
    </Filter>
    <Filter Include="Source Files\Builder">
      <UniqueIdentifier>{a412dfbf-063e-4001-8a6d-362e2bcb83ed}</UniqueIdentifier>
    </Filter>
    <Filter Include="Header Files\Factory Method - Factory - Inner Factory">
      <UniqueIdentifier>{2e067079-1899-42c6-8dff-5111bb826596}</UniqueIdentifier>
    </Filter>
    <Filter Include="Header Files\Abstract Factory">
      <UniqueIdentifier>{5e5670e8-5cb8-4805-b651-eb7c92d4b8bf}</UniqueIdentifier>
    </Filter>
    <Filter Include="Header Files\Prototype">
      <UniqueIdentifier>{b5cb35d5-ffe1-4a97-ba60-dffa735b9226}</UniqueIdentifier>
    </Filter>
    <Filter Include="Header Files\Singleton">
      <UniqueIdentifier>{b2fc75c8-7942-45a5-8866-adaef4548d80}</UniqueIdentifier>
    </Filter>
    <Filter Include="Header Files\Pimpl Idiom">
      <UniqueIdentifier>{ef7c5315-c5a9-4502-a1ef-64d6504304c8}</UniqueIdentifier>
    </Filter>
    <Filter Include="Source Files\Pimpl Idiom">
      <UniqueIdentifier>{8ed0d086-f3ad-42d7-8c8f-256bd3a51bb0}</UniqueIdentifier>
    </Filter>
    <Filter Include="Header Files\Bridge">
      <UniqueIdentifier>{55dab699-c9fc-48df-addb-1c05d79ffd0d}</UniqueIdentifier>
    </Filter>
    <Filter Include="Header Files\Composite">
      <UniqueIdentifier>{2e5556b5-8eb4-47bb-903f-614168661fe6}</UniqueIdentifier>
    </Filter>
    <Filter Include="Header Files\Array Backed Properties">
      <UniqueIdentifier>{255325a1-5225-484c-bcc4-0b52f9fa0cdb}</UniqueIdentifier>
    </Filter>
    <Filter Include="Header Files\Decorator">
      <UniqueIdentifier>{84f455c9-caa3-43bd-a1f4-3f46a1ac167a}</UniqueIdentifier>
    </Filter>
    <Filter Include="Header Files\Flyweight Pattern">
      <UniqueIdentifier>{82d96bcf-9bb0-4e36-88a4-c2d9a041586a}</UniqueIdentifier>
    </Filter>
    <Filter Include="Header Files\Proxy Pattern">
      <UniqueIdentifier>{eac107c9-30fa-41a2-9715-de2449efde2c}</UniqueIdentifier>
    </Filter>
    <Filter Include="Header Files\Chain of Responsibility">
      <UniqueIdentifier>{0226d773-09a8-4d4b-86b3-0384e0bbfe09}</UniqueIdentifier>
    </Filter>
    <Filter Include="Header Files\Command">
      <UniqueIdentifier>{d11faf68-aa03-4f88-9710-5a68735d0e90}</UniqueIdentifier>
    </Filter>
    <Filter Include="Header Files\Interpreter Pattern">
      <UniqueIdentifier>{e909073b-bc3f-4945-acba-d00ef4f7cfa9}</UniqueIdentifier>
    </Filter>
    <Filter Include="Header Files\Mediator">
      <UniqueIdentifier>{99ccea07-bff5-458c-9af2-7a5f493b6038}</UniqueIdentifier>
    </Filter>
    <Filter Include="Source Files\Mediator">
      <UniqueIdentifier>{29092a6b-e4ea-4845-b0fb-ba383943a7b6}</UniqueIdentifier>
    </Filter>
    <Filter Include="Header Files\Memento">
      <UniqueIdentifier>{3985b4e0-c6c7-4343-bd30-411c8154793d}</UniqueIdentifier>
    </Filter>
    <Filter Include="Header Files\Observer">
      <UniqueIdentifier>{082cb3ac-86fe-4065-9524-0163e33b87e4}</UniqueIdentifier>
    </Filter>
    <Filter Include="Header Files\State">
      <UniqueIdentifier>{de19fde0-f1ea-425e-9ac0-90a93279341d}</UniqueIdentifier>
    </Filter>
    <Filter Include="Source Files\State">
      <UniqueIdentifier>{50243e6d-c5e2-43b2-a287-cc30effa0062}</UniqueIdentifier>
    </Filter>
    <Filter Include="Header Files\Template Method">
      <UniqueIdentifier>{1e600a50-8aac-4639-905a-c5a8101f18b2}</UniqueIdentifier>
    </Filter>
    <Filter Include="Header Files\Visitor">
      <UniqueIdentifier>{eef99965-2112-4dee-bfa6-a0e36ae79c50}</UniqueIdentifier>
    </Filter>
    <Filter Include="Source Files\Visitor">
      <UniqueIdentifier>{68649e98-9ab5-4070-9523-b9dffbb37801}</UniqueIdentifier>
    </Filter>
  </ItemGroup>
  <ItemGroup>
    <ClInclude Include="stdafx.h">
      <Filter>Header Files</Filter>
    </ClInclude>
    <ClInclude Include="targetver.h">
      <Filter>Header Files</Filter>
    </ClInclude>
    <ClInclude Include="Journal.h">
      <Filter>Header Files\SingleResponsibility</Filter>
    </ClInclude>
    <ClInclude Include="PersistenceManager.h">
      <Filter>Header Files\SingleResponsibility</Filter>
    </ClInclude>
    <ClInclude Include="Product.h">
      <Filter>Header Files\Open-Closed</Filter>
    </ClInclude>
    <ClInclude Include="Specification.h">
      <Filter>Header Files\Open-Closed</Filter>
    </ClInclude>
    <ClInclude Include="Filter.h">
      <Filter>Header Files\Open-Closed</Filter>
    </ClInclude>
    <ClInclude Include="HtmlElement.h">
      <Filter>Header Files\Builder</Filter>
    </ClInclude>
    <ClInclude Include="HtmlBuilder.h">
      <Filter>Header Files\Builder</Filter>
    </ClInclude>
    <ClInclude Include="Tag.h">
      <Filter>Header Files\Builder</Filter>
    </ClInclude>
    <ClInclude Include="Point.h">
      <Filter>Header Files\Factory Method - Factory - Inner Factory</Filter>
    </ClInclude>
    <ClInclude Include="HotDrink.h">
      <Filter>Header Files\Abstract Factory</Filter>
    </ClInclude>
    <ClInclude Include="HotDrinkFactory.h">
      <Filter>Header Files\Abstract Factory</Filter>
    </ClInclude>
    <ClInclude Include="DrinkFactoryMap.h">
      <Filter>Header Files\Abstract Factory</Filter>
    </ClInclude>
    <ClInclude Include="Contact.h">
      <Filter>Header Files\Prototype</Filter>
    </ClInclude>
    <ClInclude Include="EmployeeFactory.h">
      <Filter>Header Files\Prototype</Filter>
    </ClInclude>
    <ClInclude Include="Singleton.h">
      <Filter>Header Files\Singleton</Filter>
    </ClInclude>
    <ClInclude Include="Person.h">
      <Filter>Header Files\Pimpl Idiom</Filter>
    </ClInclude>
    <ClInclude Include="Renderer.h">
      <Filter>Header Files\Bridge</Filter>
    </ClInclude>
    <ClInclude Include="Shape.h">
      <Filter>Header Files\Bridge</Filter>
    </ClInclude>
    <ClInclude Include="GraphicObject.h">
      <Filter>Header Files\Composite</Filter>
    </ClInclude>
    <ClInclude Include="Neuron.h">
      <Filter>Header Files\Composite</Filter>
    </ClInclude>
    <ClInclude Include="Creature.h">
      <Filter>Header Files\Array Backed Properties</Filter>
    </ClInclude>
    <ClInclude Include="CompositeExercise.h">
      <Filter>Header Files\Composite</Filter>
    </ClInclude>
    <ClInclude Include="Shape_2.h">
      <Filter>Header Files\Decorator</Filter>
    </ClInclude>
    <ClInclude Include="Shape_Static_Decorator.h">
      <Filter>Header Files\Decorator</Filter>
    </ClInclude>
    <ClInclude Include="Functional_Decorator.h">
      <Filter>Header Files\Decorator</Filter>
    </ClInclude>
    <ClInclude Include="User.h">
      <Filter>Header Files\Flyweight Pattern</Filter>
    </ClInclude>
    <ClInclude Include="PropertyProxy.h">
      <Filter>Header Files\Proxy Pattern</Filter>
    </ClInclude>
    <ClInclude Include="VirtualProxy.h">
      <Filter>Header Files\Proxy Pattern</Filter>
    </ClInclude>
    <ClInclude Include="ChainOfResponsbility.h">
      <Filter>Header Files\Chain of Responsibility</Filter>
    </ClInclude>
    <ClInclude Include="BrokerChain.h">
      <Filter>Header Files\Chain of Responsibility</Filter>
    </ClInclude>
    <ClInclude Include="BankAccount.h">
      <Filter>Header Files\Command</Filter>
    </ClInclude>
    <ClInclude Include="Interpreter.h">
      <Filter>Header Files\Interpreter Pattern</Filter>
    </ClInclude>
    <ClInclude Include="ChatRoom.h">
      <Filter>Header Files\Mediator</Filter>
    </ClInclude>
    <ClInclude Include="Personnn.h">
      <Filter>Header Files\Mediator</Filter>
    </ClInclude>
    <ClInclude Include="EventBroker.h">
      <Filter>Header Files\Mediator</Filter>
    </ClInclude>
    <ClInclude Include="Memento.h">
      <Filter>Header Files\Memento</Filter>
    </ClInclude>
    <ClInclude Include="PersonObs.h">
      <Filter>Header Files\Observer</Filter>
    </ClInclude>
    <ClInclude Include="Observer.h">
      <Filter>Header Files\Observer</Filter>
    </ClInclude>
    <ClInclude Include="Observable.h">
      <Filter>Header Files\Observer</Filter>
    </ClInclude>
    <ClInclude Include="State.h">
      <Filter>Header Files\State</Filter>
    </ClInclude>
    <ClInclude Include="Phone.h">
      <Filter>Header Files\State</Filter>
    </ClInclude>
    <ClInclude Include="Strategy.h">
      <Filter>Header Files</Filter>
    </ClInclude>
    <ClInclude Include="Template.h">
      <Filter>Header Files\Template Method</Filter>
    </ClInclude>
    <ClInclude Include="Visitor.h">
      <Filter>Header Files\Visitor</Filter>
    </ClInclude>
    <ClInclude Include="ExpressionPrinter.h">
      <Filter>Header Files\Visitor</Filter>
    </ClInclude>
    <ClInclude Include="ExpressionVisitor.h">
      <Filter>Header Files\Visitor</Filter>
    </ClInclude>
    <ClInclude Include="ExpressionEvaluator.h">
      <Filter>Header Files\Visitor</Filter>
    </ClInclude>
    <ClInclude Include="AcyclicVisitor.h">
      <Filter>Header Files\Visitor</Filter>
    </ClInclude>
  </ItemGroup>
  <ItemGroup>
    <ClCompile Include="stdafx.cpp">
      <Filter>Source Files</Filter>
    </ClCompile>
    <ClCompile Include="UdemyCourse.cpp">
      <Filter>Source Files</Filter>
    </ClCompile>
    <ClCompile Include="Examples.h">
      <Filter>Header Files</Filter>
    </ClCompile>
    <ClCompile Include="Configurations.cpp">
      <Filter>Source Files</Filter>
    </ClCompile>
    <ClCompile Include="Examples.cpp">
      <Filter>Source Files</Filter>
    </ClCompile>
    <ClCompile Include="HtmlElement.cpp">
      <Filter>Source Files\Builder</Filter>
    </ClCompile>
    <ClCompile Include="Person.cpp">
      <Filter>Source Files\Pimpl Idiom</Filter>
    </ClCompile>
    <ClCompile Include="ChatRoom.cpp">
      <Filter>Source Files\Mediator</Filter>
    </ClCompile>
    <ClCompile Include="Personnn.cpp">
      <Filter>Source Files\Mediator</Filter>
    </ClCompile>
    <ClCompile Include="State.cpp">
      <Filter>Source Files\State</Filter>
    </ClCompile>
    <ClCompile Include="ExpressionVisitor.cpp">
      <Filter>Source Files\Visitor</Filter>
    </ClCompile>
    <ClCompile Include="ExpressionEvaluator.cpp">
      <Filter>Source Files\Visitor</Filter>
    </ClCompile>
  </ItemGroup>
  <ItemGroup>
    <Text Include="Capitals.txt">
      <Filter>Resource Files</Filter>
    </Text>
  </ItemGroup>
</Project>